
Microsoft Visual Studio Solution File, Format Version 12.00
# Visual Studio Version 16
VisualStudioVersion = 16.0.30621.155
MinimumVisualStudioVersion = 10.0.40219.1
Project("{888888A0-9F3D-457C-B088-3A5042F75D52}") = "ConwayMapGeneration", "ConwayMapGeneration\ConwayMapGeneration.pyproj", "{541CA4E6-02DF-4022-8E0B-A100FF5CEBB3}"
EndProject
Global
	GlobalSection(SolutionConfigurationPlatforms) = preSolution
		Debug|Any CPU = Debug|Any CPU
		Release|Any CPU = Release|Any CPU
	EndGlobalSection
	GlobalSection(ProjectConfigurationPlatforms) = postSolution
		{541CA4E6-02DF-4022-8E0B-A100FF5CEBB3}.Debug|Any CPU.ActiveCfg = Debug|Any CPU
		{541CA4E6-02DF-4022-8E0B-A100FF5CEBB3}.Release|Any CPU.ActiveCfg = Release|Any CPU
	EndGlobalSection
	GlobalSection(SolutionProperties) = preSolution
		HideSolutionNode = FALSE
	EndGlobalSection
	GlobalSection(ExtensibilityGlobals) = postSolution
		SolutionGuid = {384D836B-8767-42CC-876D-323E4FFB7060}
	EndGlobalSection
EndGlobal
